// !$*UTF8*$!
{
	archiveVersion = 1;
	classes = {
	};
	objectVersion = 46;
	objects = {

/* Begin PBXBuildFile section */
		1A31C7AA17C3BA5600D0BA5F /* UIKit.framework in Frameworks */ = {isa = PBXBuildFile; fileRef = 1A31C7A917C3BA5600D0BA5F /* UIKit.framework */; };
		1A31C7AC17C3BA5600D0BA5F /* Foundation.framework in Frameworks */ = {isa = PBXBuildFile; fileRef = 1A31C7AB17C3BA5600D0BA5F /* Foundation.framework */; };
		1A31C7AE17C3BA5600D0BA5F /* CoreGraphics.framework in Frameworks */ = {isa = PBXBuildFile; fileRef = 1A31C7AD17C3BA5600D0BA5F /* CoreGraphics.framework */; };
		1A31C7B417C3BA5600D0BA5F /* InfoPlist.strings in Resources */ = {isa = PBXBuildFile; fileRef = 1A31C7B217C3BA5600D0BA5F /* InfoPlist.strings */; };
		1A31C7B617C3BA5600D0BA5F /* main.m in Sources */ = {isa = PBXBuildFile; fileRef = 1A31C7B517C3BA5600D0BA5F /* main.m */; };
		1A31C7BA17C3BA5600D0BA5F /* AppDelegate.m in Sources */ = {isa = PBXBuildFile; fileRef = 1A31C7B917C3BA5600D0BA5F /* AppDelegate.m */; };
		1A31C7BC17C3BA5600D0BA5F /* Default.png in Resources */ = {isa = PBXBuildFile; fileRef = 1A31C7BB17C3BA5600D0BA5F /* Default.png */; };
		1A31C7BE17C3BA5600D0BA5F /* Default@2x.png in Resources */ = {isa = PBXBuildFile; fileRef = 1A31C7BD17C3BA5600D0BA5F /* Default@2x.png */; };
		1A31C7C017C3BA5600D0BA5F /* Default-568h@2x.png in Resources */ = {isa = PBXBuildFile; fileRef = 1A31C7BF17C3BA5600D0BA5F /* Default-568h@2x.png */; };
		1A31C7CB17C3BA6F00D0BA5F /* SenTestingKit.framework in Frameworks */ = {isa = PBXBuildFile; fileRef = 1A31C7CA17C3BA6F00D0BA5F /* SenTestingKit.framework */; };
		1A31C7CC17C3BA6F00D0BA5F /* UIKit.framework in Frameworks */ = {isa = PBXBuildFile; fileRef = 1A31C7A917C3BA5600D0BA5F /* UIKit.framework */; };
		1A31C7CD17C3BA6F00D0BA5F /* Foundation.framework in Frameworks */ = {isa = PBXBuildFile; fileRef = 1A31C7AB17C3BA5600D0BA5F /* Foundation.framework */; };
		1A31C7D317C3BA6F00D0BA5F /* InfoPlist.strings in Resources */ = {isa = PBXBuildFile; fileRef = 1A31C7D117C3BA6F00D0BA5F /* InfoPlist.strings */; };
		1A31C7F817C3BB1800D0BA5F /* ATStringTests.m in Sources */ = {isa = PBXBuildFile; fileRef = 1A31C7F717C3BB1800D0BA5F /* ATStringTests.m */; };
		1A31C7FF17C3BC5900D0BA5F /* ATString.m in Sources */ = {isa = PBXBuildFile; fileRef = 1A31C7FE17C3BC5900D0BA5F /* ATString.m */; };
		1A31C80017C3BC5900D0BA5F /* ATString.m in Sources */ = {isa = PBXBuildFile; fileRef = 1A31C7FE17C3BC5900D0BA5F /* ATString.m */; };
		1A31C80317C3C16300D0BA5F /* CoreGraphics.framework in Frameworks */ = {isa = PBXBuildFile; fileRef = 1A31C80217C3C16300D0BA5F /* CoreGraphics.framework */; };
/* End PBXBuildFile section */

/* Begin PBXFileReference section */
		1A31C7A617C3BA5600D0BA5F /* ATLogExample.app */ = {isa = PBXFileReference; explicitFileType = wrapper.application; includeInIndex = 0; path = ATLogExample.app; sourceTree = BUILT_PRODUCTS_DIR; };
		1A31C7A917C3BA5600D0BA5F /* UIKit.framework */ = {isa = PBXFileReference; lastKnownFileType = wrapper.framework; name = UIKit.framework; path = Library/Frameworks/UIKit.framework; sourceTree = DEVELOPER_DIR; };
		1A31C7AB17C3BA5600D0BA5F /* Foundation.framework */ = {isa = PBXFileReference; lastKnownFileType = wrapper.framework; name = Foundation.framework; path = Library/Frameworks/Foundation.framework; sourceTree = DEVELOPER_DIR; };
		1A31C7AD17C3BA5600D0BA5F /* CoreGraphics.framework */ = {isa = PBXFileReference; lastKnownFileType = wrapper.framework; name = CoreGraphics.framework; path = Library/Frameworks/CoreGraphics.framework; sourceTree = DEVELOPER_DIR; };
		1A31C7B117C3BA5600D0BA5F /* ATLogExample-Info.plist */ = {isa = PBXFileReference; lastKnownFileType = text.plist.xml; path = "ATLogExample-Info.plist"; sourceTree = "<group>"; };
		1A31C7B317C3BA5600D0BA5F /* en */ = {isa = PBXFileReference; lastKnownFileType = text.plist.strings; name = en; path = en.lproj/InfoPlist.strings; sourceTree = "<group>"; };
		1A31C7B517C3BA5600D0BA5F /* main.m */ = {isa = PBXFileReference; lastKnownFileType = sourcecode.c.objc; path = main.m; sourceTree = "<group>"; };
		1A31C7B717C3BA5600D0BA5F /* ATLogExample-Prefix.pch */ = {isa = PBXFileReference; lastKnownFileType = sourcecode.c.h; path = "ATLogExample-Prefix.pch"; sourceTree = "<group>"; };
		1A31C7B817C3BA5600D0BA5F /* AppDelegate.h */ = {isa = PBXFileReference; lastKnownFileType = sourcecode.c.h; path = AppDelegate.h; sourceTree = "<group>"; };
		1A31C7B917C3BA5600D0BA5F /* AppDelegate.m */ = {isa = PBXFileReference; lastKnownFileType = sourcecode.c.objc; path = AppDelegate.m; sourceTree = "<group>"; };
		1A31C7BB17C3BA5600D0BA5F /* Default.png */ = {isa = PBXFileReference; lastKnownFileType = image.png; path = Default.png; sourceTree = "<group>"; };
		1A31C7BD17C3BA5600D0BA5F /* Default@2x.png */ = {isa = PBXFileReference; lastKnownFileType = image.png; path = "Default@2x.png"; sourceTree = "<group>"; };
		1A31C7BF17C3BA5600D0BA5F /* Default-568h@2x.png */ = {isa = PBXFileReference; lastKnownFileType = image.png; path = "Default-568h@2x.png"; sourceTree = "<group>"; };
		1A31C7C917C3BA6F00D0BA5F /* ATLogIOSTests.octest */ = {isa = PBXFileReference; explicitFileType = wrapper.cfbundle; includeInIndex = 0; path = ATLogIOSTests.octest; sourceTree = BUILT_PRODUCTS_DIR; };
		1A31C7CA17C3BA6F00D0BA5F /* SenTestingKit.framework */ = {isa = PBXFileReference; lastKnownFileType = wrapper.framework; name = SenTestingKit.framework; path = Library/Frameworks/SenTestingKit.framework; sourceTree = DEVELOPER_DIR; };
		1A31C7D017C3BA6F00D0BA5F /* ATLogIOSTests-Info.plist */ = {isa = PBXFileReference; lastKnownFileType = text.plist.xml; path = "ATLogIOSTests-Info.plist"; sourceTree = "<group>"; };
		1A31C7D217C3BA6F00D0BA5F /* en */ = {isa = PBXFileReference; lastKnownFileType = text.plist.strings; name = en; path = en.lproj/InfoPlist.strings; sourceTree = "<group>"; };
		1A31C7D717C3BA6F00D0BA5F /* ATLogIOSTests-Prefix.pch */ = {isa = PBXFileReference; lastKnownFileType = sourcecode.c.h; path = "ATLogIOSTests-Prefix.pch"; sourceTree = "<group>"; };
		1A31C7E217C3BA8400D0BA5F /* Cocoa.framework */ = {isa = PBXFileReference; lastKnownFileType = wrapper.framework; name = Cocoa.framework; path = System/Library/Frameworks/Cocoa.framework; sourceTree = SDKROOT; };
		1A31C7E517C3BA8400D0BA5F /* AppKit.framework */ = {isa = PBXFileReference; lastKnownFileType = wrapper.framework; name = AppKit.framework; path = System/Library/Frameworks/AppKit.framework; sourceTree = SDKROOT; };
		1A31C7E617C3BA8400D0BA5F /* CoreData.framework */ = {isa = PBXFileReference; lastKnownFileType = wrapper.framework; name = CoreData.framework; path = System/Library/Frameworks/CoreData.framework; sourceTree = SDKROOT; };
		1A31C7E717C3BA8400D0BA5F /* Foundation.framework */ = {isa = PBXFileReference; lastKnownFileType = wrapper.framework; name = Foundation.framework; path = System/Library/Frameworks/Foundation.framework; sourceTree = SDKROOT; };
		1A31C7F717C3BB1800D0BA5F /* ATStringTests.m */ = {isa = PBXFileReference; fileEncoding = 4; lastKnownFileType = sourcecode.c.objc; name = ATStringTests.m; path = ATLogTests/ATStringTests.m; sourceTree = "<group>"; };
		1A31C7FD17C3BC5900D0BA5F /* ATString.h */ = {isa = PBXFileReference; fileEncoding = 4; lastKnownFileType = sourcecode.c.h; name = ATString.h; path = ../ATLog/ATString/ATString.h; sourceTree = "<group>"; };
		1A31C7FE17C3BC5900D0BA5F /* ATString.m */ = {isa = PBXFileReference; fileEncoding = 4; lastKnownFileType = sourcecode.c.objc; name = ATString.m; path = ../ATLog/ATString/ATString.m; sourceTree = "<group>"; };
		1A31C80217C3C16300D0BA5F /* CoreGraphics.framework */ = {isa = PBXFileReference; lastKnownFileType = wrapper.framework; name = CoreGraphics.framework; path = Platforms/iPhoneOS.platform/Developer/SDKs/iPhoneOS6.1.sdk/System/Library/Frameworks/CoreGraphics.framework; sourceTree = DEVELOPER_DIR; };
		1A31C81817C4D2A500D0BA5F /* ATStringWithFormat.h */ = {isa = PBXFileReference; lastKnownFileType = sourcecode.c.h; name = ATStringWithFormat.h; path = ../ATLog/ATStringWithFormat/ATStringWithFormat.h; sourceTree = "<group>"; };
		1A31C81A17C4D30F00D0BA5F /* at_preprocessor_map.h */ = {isa = PBXFileReference; lastKnownFileType = sourcecode.c.h; name = at_preprocessor_map.h; path = ../ATLog/ATStringWithFormat/at_preprocessor_map.h; sourceTree = "<group>"; };
/* End PBXFileReference section */

/* Begin PBXFrameworksBuildPhase section */
		1A31C7A317C3BA5600D0BA5F /* Frameworks */ = {
			isa = PBXFrameworksBuildPhase;
			buildActionMask = 2147483647;
			files = (
				1A31C7AA17C3BA5600D0BA5F /* UIKit.framework in Frameworks */,
				1A31C7AC17C3BA5600D0BA5F /* Foundation.framework in Frameworks */,
				1A31C7AE17C3BA5600D0BA5F /* CoreGraphics.framework in Frameworks */,
			);
			runOnlyForDeploymentPostprocessing = 0;
		};
		1A31C7C517C3BA6F00D0BA5F /* Frameworks */ = {
			isa = PBXFrameworksBuildPhase;
			buildActionMask = 2147483647;
			files = (
				1A31C80317C3C16300D0BA5F /* CoreGraphics.framework in Frameworks */,
				1A31C7CB17C3BA6F00D0BA5F /* SenTestingKit.framework in Frameworks */,
				1A31C7CC17C3BA6F00D0BA5F /* UIKit.framework in Frameworks */,
				1A31C7CD17C3BA6F00D0BA5F /* Foundation.framework in Frameworks */,
			);
			runOnlyForDeploymentPostprocessing = 0;
		};
/* End PBXFrameworksBuildPhase section */

/* Begin PBXGroup section */
		1A31C79B17C3BA2D00D0BA5F = {
			isa = PBXGroup;
			children = (
				1A31C80217C3C16300D0BA5F /* CoreGraphics.framework */,
				1A31C7FB17C3BC0200D0BA5F /* ATLog */,
				1A31C7AF17C3BA5600D0BA5F /* Example */,
				1A31C7F517C3BA9E00D0BA5F /* Tests */,
				1A31C7A817C3BA5600D0BA5F /* Frameworks */,
				1A31C7A717C3BA5600D0BA5F /* Products */,
			);
			sourceTree = "<group>";
		};
		1A31C7A717C3BA5600D0BA5F /* Products */ = {
			isa = PBXGroup;
			children = (
				1A31C7A617C3BA5600D0BA5F /* ATLogExample.app */,
				1A31C7C917C3BA6F00D0BA5F /* ATLogIOSTests.octest */,
			);
			name = Products;
			sourceTree = "<group>";
		};
		1A31C7A817C3BA5600D0BA5F /* Frameworks */ = {
			isa = PBXGroup;
			children = (
				1A31C7A917C3BA5600D0BA5F /* UIKit.framework */,
				1A31C7AB17C3BA5600D0BA5F /* Foundation.framework */,
				1A31C7AD17C3BA5600D0BA5F /* CoreGraphics.framework */,
				1A31C7CA17C3BA6F00D0BA5F /* SenTestingKit.framework */,
				1A31C7E217C3BA8400D0BA5F /* Cocoa.framework */,
				1A31C7E417C3BA8400D0BA5F /* Other Frameworks */,
			);
			name = Frameworks;
			sourceTree = "<group>";
		};
		1A31C7AF17C3BA5600D0BA5F /* Example */ = {
			isa = PBXGroup;
			children = (
				1A31C7B817C3BA5600D0BA5F /* AppDelegate.h */,
				1A31C7B917C3BA5600D0BA5F /* AppDelegate.m */,
				1A31C7B017C3BA5600D0BA5F /* Supporting Files */,
			);
			name = Example;
			path = ATLogExample;
			sourceTree = "<group>";
		};
		1A31C7B017C3BA5600D0BA5F /* Supporting Files */ = {
			isa = PBXGroup;
			children = (
				1A31C7B117C3BA5600D0BA5F /* ATLogExample-Info.plist */,
				1A31C7B217C3BA5600D0BA5F /* InfoPlist.strings */,
				1A31C7B517C3BA5600D0BA5F /* main.m */,
				1A31C7B717C3BA5600D0BA5F /* ATLogExample-Prefix.pch */,
				1A31C7BB17C3BA5600D0BA5F /* Default.png */,
				1A31C7BD17C3BA5600D0BA5F /* Default@2x.png */,
				1A31C7BF17C3BA5600D0BA5F /* Default-568h@2x.png */,
			);
			name = "Supporting Files";
			sourceTree = "<group>";
		};
		1A31C7CE17C3BA6F00D0BA5F /* ATLogIOSTests */ = {
			isa = PBXGroup;
			children = (
				1A31C7D017C3BA6F00D0BA5F /* ATLogIOSTests-Info.plist */,
				1A31C7D117C3BA6F00D0BA5F /* InfoPlist.strings */,
				1A31C7D717C3BA6F00D0BA5F /* ATLogIOSTests-Prefix.pch */,
			);
			path = ATLogIOSTests;
			sourceTree = "<group>";
		};
		1A31C7E417C3BA8400D0BA5F /* Other Frameworks */ = {
			isa = PBXGroup;
			children = (
				1A31C7E517C3BA8400D0BA5F /* AppKit.framework */,
				1A31C7E617C3BA8400D0BA5F /* CoreData.framework */,
				1A31C7E717C3BA8400D0BA5F /* Foundation.framework */,
			);
			name = "Other Frameworks";
			sourceTree = "<group>";
		};
		1A31C7F517C3BA9E00D0BA5F /* Tests */ = {
			isa = PBXGroup;
			children = (
				1A31C7F717C3BB1800D0BA5F /* ATStringTests.m */,
				1A31C7FA17C3BBC800D0BA5F /* Supporting Files */,
			);
			name = Tests;
			sourceTree = "<group>";
		};
		1A31C7FA17C3BBC800D0BA5F /* Supporting Files */ = {
			isa = PBXGroup;
			children = (
				1A31C7CE17C3BA6F00D0BA5F /* ATLogIOSTests */,
			);
			name = "Supporting Files";
			sourceTree = "<group>";
		};
		1A31C7FB17C3BC0200D0BA5F /* ATLog */ = {
			isa = PBXGroup;
			children = (
				1A31C81917C4D2A900D0BA5F /* ATStringWithFormat */,
				1A31C7FC17C3BC0E00D0BA5F /* ATString */,
			);
			name = ATLog;
			sourceTree = "<group>";
		};
		1A31C7FC17C3BC0E00D0BA5F /* ATString */ = {
			isa = PBXGroup;
			children = (
				1A31C7FD17C3BC5900D0BA5F /* ATString.h */,
				1A31C7FE17C3BC5900D0BA5F /* ATString.m */,
			);
			name = ATString;
			sourceTree = "<group>";
		};
		1A31C81917C4D2A900D0BA5F /* ATStringWithFormat */ = {
			isa = PBXGroup;
			children = (
				1A31C81A17C4D30F00D0BA5F /* at_preprocessor_map.h */,
				1A31C81817C4D2A500D0BA5F /* ATStringWithFormat.h */,
			);
			name = ATStringWithFormat;
			sourceTree = "<group>";
		};
/* End PBXGroup section */

/* Begin PBXNativeTarget section */
		1A31C7A517C3BA5600D0BA5F /* Example */ = {
			isa = PBXNativeTarget;
			buildConfigurationList = 1A31C7C317C3BA5600D0BA5F /* Build configuration list for PBXNativeTarget "Example" */;
			buildPhases = (
				1A31C7A217C3BA5600D0BA5F /* Sources */,
				1A31C7A317C3BA5600D0BA5F /* Frameworks */,
				1A31C7A417C3BA5600D0BA5F /* Resources */,
			);
			buildRules = (
			);
			dependencies = (
			);
			name = Example;
			productName = ATLogExample;
			productReference = 1A31C7A617C3BA5600D0BA5F /* ATLogExample.app */;
			productType = "com.apple.product-type.application";
		};
		1A31C7C817C3BA6F00D0BA5F /* IOSTests */ = {
			isa = PBXNativeTarget;
			buildConfigurationList = 1A31C7D817C3BA6F00D0BA5F /* Build configuration list for PBXNativeTarget "IOSTests" */;
			buildPhases = (
				1A31C7C417C3BA6F00D0BA5F /* Sources */,
				1A31C7C517C3BA6F00D0BA5F /* Frameworks */,
				1A31C7C617C3BA6F00D0BA5F /* Resources */,
				1A31C7C717C3BA6F00D0BA5F /* ShellScript */,
			);
			buildRules = (
			);
			dependencies = (
			);
			name = IOSTests;
			productName = ATLogIOSTests;
			productReference = 1A31C7C917C3BA6F00D0BA5F /* ATLogIOSTests.octest */;
			productType = "com.apple.product-type.bundle";
		};
/* End PBXNativeTarget section */

/* Begin PBXProject section */
		1A31C79C17C3BA2D00D0BA5F /* Project object */ = {
			isa = PBXProject;
			attributes = {
				LastUpgradeCheck = 0460;
			};
			buildConfigurationList = 1A31C79F17C3BA2D00D0BA5F /* Build configuration list for PBXProject "ATLog" */;
			compatibilityVersion = "Xcode 3.2";
			developmentRegion = English;
			hasScannedForEncodings = 0;
			knownRegions = (
				en,
			);
			mainGroup = 1A31C79B17C3BA2D00D0BA5F;
			productRefGroup = 1A31C7A717C3BA5600D0BA5F /* Products */;
			projectDirPath = "";
			projectRoot = "";
			targets = (
				1A31C7A517C3BA5600D0BA5F /* Example */,
				1A31C7C817C3BA6F00D0BA5F /* IOSTests */,
			);
		};
/* End PBXProject section */

/* Begin PBXResourcesBuildPhase section */
		1A31C7A417C3BA5600D0BA5F /* Resources */ = {
			isa = PBXResourcesBuildPhase;
			buildActionMask = 2147483647;
			files = (
				1A31C7B417C3BA5600D0BA5F /* InfoPlist.strings in Resources */,
				1A31C7BC17C3BA5600D0BA5F /* Default.png in Resources */,
				1A31C7BE17C3BA5600D0BA5F /* Default@2x.png in Resources */,
				1A31C7C017C3BA5600D0BA5F /* Default-568h@2x.png in Resources */,
			);
			runOnlyForDeploymentPostprocessing = 0;
		};
		1A31C7C617C3BA6F00D0BA5F /* Resources */ = {
			isa = PBXResourcesBuildPhase;
			buildActionMask = 2147483647;
			files = (
				1A31C7D317C3BA6F00D0BA5F /* InfoPlist.strings in Resources */,
			);
			runOnlyForDeploymentPostprocessing = 0;
		};
/* End PBXResourcesBuildPhase section */

/* Begin PBXShellScriptBuildPhase section */
		1A31C7C717C3BA6F00D0BA5F /* ShellScript */ = {
			isa = PBXShellScriptBuildPhase;
			buildActionMask = 2147483647;
			files = (
			);
			inputPaths = (
			);
			outputPaths = (
			);
			runOnlyForDeploymentPostprocessing = 0;
			shellPath = /bin/sh;
			shellScript = "# Run the unit tests in this test bundle.\n\"${SYSTEM_DEVELOPER_DIR}/Tools/RunUnitTests\"\n";
		};
/* End PBXShellScriptBuildPhase section */

/* Begin PBXSourcesBuildPhase section */
		1A31C7A217C3BA5600D0BA5F /* Sources */ = {
			isa = PBXSourcesBuildPhase;
			buildActionMask = 2147483647;
			files = (
				1A31C7B617C3BA5600D0BA5F /* main.m in Sources */,
				1A31C7BA17C3BA5600D0BA5F /* AppDelegate.m in Sources */,
				1A31C7FF17C3BC5900D0BA5F /* ATString.m in Sources */,
			);
			runOnlyForDeploymentPostprocessing = 0;
		};
		1A31C7C417C3BA6F00D0BA5F /* Sources */ = {
			isa = PBXSourcesBuildPhase;
			buildActionMask = 2147483647;
			files = (
				1A31C7F817C3BB1800D0BA5F /* ATStringTests.m in Sources */,
				1A31C80017C3BC5900D0BA5F /* ATString.m in Sources */,
			);
			runOnlyForDeploymentPostprocessing = 0;
		};
/* End PBXSourcesBuildPhase section */

/* Begin PBXVariantGroup section */
		1A31C7B217C3BA5600D0BA5F /* InfoPlist.strings */ = {
			isa = PBXVariantGroup;
			children = (
				1A31C7B317C3BA5600D0BA5F /* en */,
			);
			name = InfoPlist.strings;
			sourceTree = "<group>";
		};
		1A31C7D117C3BA6F00D0BA5F /* InfoPlist.strings */ = {
			isa = PBXVariantGroup;
			children = (
				1A31C7D217C3BA6F00D0BA5F /* en */,
			);
			name = InfoPlist.strings;
			sourceTree = "<group>";
		};
/* End PBXVariantGroup section */

/* Begin XCBuildConfiguration section */
		1A31C7A017C3BA2D00D0BA5F /* Debug */ = {
			isa = XCBuildConfiguration;
			buildSettings = {
			};
			name = Debug;
		};
		1A31C7A117C3BA2D00D0BA5F /* Release */ = {
			isa = XCBuildConfiguration;
			buildSettings = {
			};
			name = Release;
		};
		1A31C7C117C3BA5600D0BA5F /* Debug */ = {
			isa = XCBuildConfiguration;
			buildSettings = {
				ALWAYS_SEARCH_USER_PATHS = NO;
				CLANG_CXX_LANGUAGE_STANDARD = "gnu++0x";
				CLANG_CXX_LIBRARY = "libc++";
				CLANG_ENABLE_OBJC_ARC = YES;
				CLANG_WARN_CONSTANT_CONVERSION = YES;
				CLANG_WARN_EMPTY_BODY = YES;
				CLANG_WARN_ENUM_CONVERSION = YES;
				CLANG_WARN_INT_CONVERSION = YES;
				CLANG_WARN__DUPLICATE_METHOD_MATCH = YES;
				"CODE_SIGN_IDENTITY[sdk=iphoneos*]" = "iPhone Developer";
				COPY_PHASE_STRIP = NO;
				FRAMEWORK_SEARCH_PATHS = (
					"$(inherited)",
					"\"$(SYSTEM_APPS_DIR)/Xcode.app/Contents/Developer/Library/Frameworks\"",
				);
				GCC_C_LANGUAGE_STANDARD = gnu99;
				GCC_DYNAMIC_NO_PIC = NO;
				GCC_OPTIMIZATION_LEVEL = 0;
				GCC_PRECOMPILE_PREFIX_HEADER = YES;
				GCC_PREFIX_HEADER = "ATLogExample/ATLogExample-Prefix.pch";
				GCC_PREPROCESSOR_DEFINITIONS = (
					"DEBUG=1",
					"$(inherited)",
				);
				GCC_SYMBOLS_PRIVATE_EXTERN = NO;
				GCC_WARN_ABOUT_RETURN_TYPE = YES;
				GCC_WARN_UNINITIALIZED_AUTOS = YES;
				GCC_WARN_UNUSED_VARIABLE = YES;
				INFOPLIST_FILE = "ATLogExample/ATLogExample-Info.plist";
				IPHONEOS_DEPLOYMENT_TARGET = 6.1;
				ONLY_ACTIVE_ARCH = YES;
				PRODUCT_NAME = "$(TARGET_NAME)";
				SDKROOT = iphoneos;
				WRAPPER_EXTENSION = app;
			};
			name = Debug;
		};
		1A31C7C217C3BA5600D0BA5F /* Release */ = {
			isa = XCBuildConfiguration;
			buildSettings = {
				ALWAYS_SEARCH_USER_PATHS = NO;
				CLANG_CXX_LANGUAGE_STANDARD = "gnu++0x";
				CLANG_CXX_LIBRARY = "libc++";
				CLANG_ENABLE_OBJC_ARC = YES;
				CLANG_WARN_CONSTANT_CONVERSION = YES;
				CLANG_WARN_EMPTY_BODY = YES;
				CLANG_WARN_ENUM_CONVERSION = YES;
				CLANG_WARN_INT_CONVERSION = YES;
				CLANG_WARN__DUPLICATE_METHOD_MATCH = YES;
				"CODE_SIGN_IDENTITY[sdk=iphoneos*]" = "iPhone Developer";
				COPY_PHASE_STRIP = YES;
				FRAMEWORK_SEARCH_PATHS = (
					"$(inherited)",
					"\"$(SYSTEM_APPS_DIR)/Xcode.app/Contents/Developer/Library/Frameworks\"",
				);
				GCC_C_LANGUAGE_STANDARD = gnu99;
				GCC_PRECOMPILE_PREFIX_HEADER = YES;
				GCC_PREFIX_HEADER = "ATLogExample/ATLogExample-Prefix.pch";
				GCC_WARN_ABOUT_RETURN_TYPE = YES;
				GCC_WARN_UNINITIALIZED_AUTOS = YES;
				GCC_WARN_UNUSED_VARIABLE = YES;
				INFOPLIST_FILE = "ATLogExample/ATLogExample-Info.plist";
				IPHONEOS_DEPLOYMENT_TARGET = 6.1;
				OTHER_CFLAGS = "-DNS_BLOCK_ASSERTIONS=1";
				PRODUCT_NAME = "$(TARGET_NAME)";
				SDKROOT = iphoneos;
				VALIDATE_PRODUCT = YES;
				WRAPPER_EXTENSION = app;
			};
			name = Release;
		};
		1A31C7D917C3BA6F00D0BA5F /* Debug */ = {
			isa = XCBuildConfiguration;
			buildSettings = {
				ALWAYS_SEARCH_USER_PATHS = NO;
				CLANG_CXX_LANGUAGE_STANDARD = "gnu++0x";
				CLANG_CXX_LIBRARY = "libc++";
				CLANG_ENABLE_OBJC_ARC = YES;
				CLANG_WARN_CONSTANT_CONVERSION = YES;
				CLANG_WARN_EMPTY_BODY = YES;
				CLANG_WARN_ENUM_CONVERSION = YES;
				CLANG_WARN_INT_CONVERSION = YES;
				CLANG_WARN__DUPLICATE_METHOD_MATCH = YES;
				COPY_PHASE_STRIP = NO;
				FRAMEWORK_SEARCH_PATHS = (
					"\"$(SDKROOT)/Developer/Library/Frameworks\"",
					"\"$(DEVELOPER_LIBRARY_DIR)/Frameworks\"",
				);
				GCC_C_LANGUAGE_STANDARD = gnu99;
				GCC_DYNAMIC_NO_PIC = NO;
				GCC_OPTIMIZATION_LEVEL = 0;
				GCC_PRECOMPILE_PREFIX_HEADER = YES;
				GCC_PREFIX_HEADER = "ATLogIOSTests/ATLogIOSTests-Prefix.pch";
				GCC_PREPROCESSOR_DEFINITIONS = (
					"DEBUG=1",
					"$(inherited)",
				);
				GCC_SYMBOLS_PRIVATE_EXTERN = NO;
				GCC_WARN_ABOUT_RETURN_TYPE = YES;
				GCC_WARN_UNINITIALIZED_AUTOS = YES;
				GCC_WARN_UNUSED_VARIABLE = YES;
				INFOPLIST_FILE = "ATLogIOSTests/ATLogIOSTests-Info.plist";
				IPHONEOS_DEPLOYMENT_TARGET = 5.0;
				ONLY_ACTIVE_ARCH = YES;
				PRODUCT_NAME = "$(TARGET_NAME)";
				SDKROOT = iphoneos;
				WRAPPER_EXTENSION = octest;
			};
			name = Debug;
		};
		1A31C7DA17C3BA6F00D0BA5F /* Release */ = {
			isa = XCBuildConfiguration;
			buildSettings = {
				ALWAYS_SEARCH_USER_PATHS = NO;
				CLANG_CXX_LANGUAGE_STANDARD = "gnu++0x";
				CLANG_CXX_LIBRARY = "libc++";
				CLANG_ENABLE_OBJC_ARC = YES;
				CLANG_WARN_CONSTANT_CONVERSION = YES;
				CLANG_WARN_EMPTY_BODY = YES;
				CLANG_WARN_ENUM_CONVERSION = YES;
				CLANG_WARN_INT_CONVERSION = YES;
				CLANG_WARN__DUPLICATE_METHOD_MATCH = YES;
				COPY_PHASE_STRIP = YES;
				FRAMEWORK_SEARCH_PATHS = (
					"\"$(SDKROOT)/Developer/Library/Frameworks\"",
					"\"$(DEVELOPER_LIBRARY_DIR)/Frameworks\"",
				);
				GCC_C_LANGUAGE_STANDARD = gnu99;
				GCC_PRECOMPILE_PREFIX_HEADER = YES;
				GCC_PREFIX_HEADER = "ATLogIOSTests/ATLogIOSTests-Prefix.pch";
				GCC_WARN_ABOUT_RETURN_TYPE = YES;
				GCC_WARN_UNINITIALIZED_AUTOS = YES;
				GCC_WARN_UNUSED_VARIABLE = YES;
				INFOPLIST_FILE = "ATLogIOSTests/ATLogIOSTests-Info.plist";
				IPHONEOS_DEPLOYMENT_TARGET = 5.0;
				PRODUCT_NAME = "$(TARGET_NAME)";
				SDKROOT = iphoneos;
				VALIDATE_PRODUCT = YES;
				WRAPPER_EXTENSION = octest;
			};
			name = Release;
		};
/* End XCBuildConfiguration section */

/* Begin XCConfigurationList section */
		1A31C79F17C3BA2D00D0BA5F /* Build configuration list for PBXProject "ATLog" */ = {
			isa = XCConfigurationList;
			buildConfigurations = (
				1A31C7A017C3BA2D00D0BA5F /* Debug */,
				1A31C7A117C3BA2D00D0BA5F /* Release */,
			);
			defaultConfigurationIsVisible = 0;
			defaultConfigurationName = Release;
		};
		1A31C7C317C3BA5600D0BA5F /* Build configuration list for PBXNativeTarget "Example" */ = {
			isa = XCConfigurationList;
			buildConfigurations = (
				1A31C7C117C3BA5600D0BA5F /* Debug */,
				1A31C7C217C3BA5600D0BA5F /* Release */,
			);
			defaultConfigurationIsVisible = 0;
		};
		1A31C7D817C3BA6F00D0BA5F /* Build configuration list for PBXNativeTarget "IOSTests" */ = {
			isa = XCConfigurationList;
			buildConfigurations = (
				1A31C7D917C3BA6F00D0BA5F /* Debug */,
				1A31C7DA17C3BA6F00D0BA5F /* Release */,
			);
			defaultConfigurationIsVisible = 0;
		};
/* End XCConfigurationList section */
	};
	rootObject = 1A31C79C17C3BA2D00D0BA5F /* Project object */;
}
